
Microsoft Visual Studio Solution File, Format Version 12.00
# Visual Studio 15
VisualStudioVersion = 15.0.26730.8
MinimumVisualStudioVersion = 10.0.40219.1
Project("{FAE04EC0-301F-11D3-BF4B-00C04F79EFBC}") = "TMT.Controls.WinForms", "TMTControls\TMT.Controls.WinForms.csproj", "{4C0973FC-B348-4CE3-AC39-6DAAC4F3B174}"
EndProject
Project("{FAE04EC0-301F-11D3-BF4B-00C04F79EFBC}") = "TMTControlsTests", "TMTControlsTests\TMTControlsTests.csproj", "{5B70C8B6-AA23-4C99-8518-EF2A4128A886}"
EndProject
Global
	GlobalSection(SolutionConfigurationPlatforms) = preSolution
		Debug|Any CPU = Debug|Any CPU
		Release|Any CPU = Release|Any CPU
	EndGlobalSection
	GlobalSection(ProjectConfigurationPlatforms) = postSolution
		{4C0973FC-B348-4CE3-AC39-6DAAC4F3B174}.Debug|Any CPU.ActiveCfg = Debug|Any CPU
		{4C0973FC-B348-4CE3-AC39-6DAAC4F3B174}.Debug|Any CPU.Build.0 = Debug|Any CPU
		{4C0973FC-B348-4CE3-AC39-6DAAC4F3B174}.Release|Any CPU.ActiveCfg = Release|Any CPU
		{4C0973FC-B348-4CE3-AC39-6DAAC4F3B174}.Release|Any CPU.Build.0 = Release|Any CPU
		{5B70C8B6-AA23-4C99-8518-EF2A4128A886}.Debug|Any CPU.ActiveCfg = Debug|Any CPU
		{5B70C8B6-AA23-4C99-8518-EF2A4128A886}.Debug|Any CPU.Build.0 = Debug|Any CPU
		{5B70C8B6-AA23-4C99-8518-EF2A4128A886}.Release|Any CPU.ActiveCfg = Release|Any CPU
		{5B70C8B6-AA23-4C99-8518-EF2A4128A886}.Release|Any CPU.Build.0 = Release|Any CPU
	EndGlobalSection
	GlobalSection(SolutionProperties) = preSolution
		HideSolutionNode = FALSE
	EndGlobalSection
	GlobalSection(ExtensibilityGlobals) = postSolution
		SolutionGuid = {611BCFD1-AD40-4E52-80D2-5270034D6F39}
	EndGlobalSection
EndGlobal
